<?xml version="1.0" encoding="UTF-8" standalone="yes" ?>
<CodeBlocks_project_file>
	<FileVersion major="1" minor="6" />
	<Project>
		<Option title="dots" />
		<Option pch_mode="2" />
		<Option compiler="gcc" />
		<Build>
			<Target title="Debug">
				<Option output="bin/Debug/tabuleiroDots" prefix_auto="1" extension_auto="1" />
				<Option object_output="obj/Debug/" />
				<Option type="1" />
				<Option compiler="gcc" />
				<Compiler>
					<Add option="-g" />
				</Compiler>
			</Target>
			<Target title="Release">
				<Option output="bin/Release/tabuleiroDots" prefix_auto="1" extension_auto="1" />
				<Option object_output="obj/Release/" />
				<Option type="1" />
				<Option compiler="gcc" />
				<Compiler>
					<Add option="-O2" />
				</Compiler>
				<Linker>
					<Add option="-s" />
				</Linker>
			</Target>
		</Build>
		<Compiler>
			<Add option="-Wall" />
		</Compiler>
		<Unit filename="funcoesauxiliares.c">
			<Option compilerVar="CC" />
		</Unit>
		<Unit filename="funcoesauxiliares.h" />
		<Unit filename="gameplay.c">
			<Option compilerVar="CC" />
		</Unit>
		<Unit filename="gameplay.h" />
		<Unit filename="instrucao.c">
			<Option compilerVar="CC" />
		</Unit>
		<Unit filename="instrucao.h" />
		<Unit filename="main.c">
			<Option compilerVar="CC" />
		</Unit>
		<Unit filename="matrix.c">
			<Option compilerVar="CC" />
		</Unit>
		<Unit filename="matrix.h" />
		<Unit filename="menu.c">
			<Option compilerVar="CC" />
		</Unit>
		<Unit filename="menu.h" />
		<Unit filename="nomejogador.c">
			<Option compilerVar="CC" />
		</Unit>
		<Unit filename="nomejogador.h" />
		<Unit filename="ranking.c">
			<Option compilerVar="CC" />
		</Unit>
		<Unit filename="ranking.h" />
		<Extensions>
			<code_completion />
			<envvars />
			<debugger />
			<lib_finder disable_auto="1" />
		</Extensions>
	</Project>
</CodeBlocks_project_file>
